
Microsoft Visual Studio Solution File, Format Version 12.00
# Visual Studio Version 17
VisualStudioVersion = 17.3.32804.467
MinimumVisualStudioVersion = 10.0.40219.1
Project("{2150E333-8FDC-42A3-9474-1A3956D46DE8}") = "CorePackages", "CorePackages", "{B6AFD254-6498-4D1C-9493-FABE2CFFAA69}"
EndProject
Project("{9A19103F-16F7-4668-BE54-9A1E7A4F7556}") = "Core.Application", "CorePackages\Core.Application\Core.Application.csproj", "{D0599110-8E5D-49AD-8979-E40B7B941061}"
EndProject
Project("{9A19103F-16F7-4668-BE54-9A1E7A4F7556}") = "Core.CrossCuttingConcerns", "CorePackages\Core.CrossCuttingConcers\Core.CrossCuttingConcerns.csproj", "{CEF2100E-1D7B-401B-9F8C-4FE6F5D1D3AD}"
EndProject
Project("{9A19103F-16F7-4668-BE54-9A1E7A4F7556}") = "Core.ElasticSearch", "CorePackages\Core.ElasticSearch\Core.ElasticSearch.csproj", "{3D035320-D2CF-4AAF-91AB-AE1906A43E0F}"
EndProject
Project("{9A19103F-16F7-4668-BE54-9A1E7A4F7556}") = "Core.Mailing", "CorePackages\Core.Mailing\Core.Mailing.csproj", "{6561A52F-DFB9-4FFD-BEDA-9618F607F1C0}"
EndProject
Project("{9A19103F-16F7-4668-BE54-9A1E7A4F7556}") = "Core.Persistence", "CorePackages\Core.Persistence\Core.Persistence.csproj", "{8840FC2B-2606-44D2-A43E-22AB227D5C78}"
EndProject
Project("{9A19103F-16F7-4668-BE54-9A1E7A4F7556}") = "Core.Security", "CorePackages\Core.Security\Core.Security.csproj", "{38EC5763-F968-44FB-82FA-45AB60E8605B}"
EndProject
Project("{FAE04EC0-301F-11D3-BF4B-00C04F79EFBC}") = "Application", "Application\Application.csproj", "{C3D5C324-365F-430F-B6EF-169A74D2C1F4}"
EndProject
Project("{FAE04EC0-301F-11D3-BF4B-00C04F79EFBC}") = "Domain", "Domain\Domain.csproj", "{371CE438-35F3-4FD7-8A4E-167C439D82E8}"
EndProject
Project("{FAE04EC0-301F-11D3-BF4B-00C04F79EFBC}") = "Persistence", "Persistence\Persistence.csproj", "{CED4CC77-B2D8-4803-8F6F-AF9D594871E8}"
EndProject
Project("{FAE04EC0-301F-11D3-BF4B-00C04F79EFBC}") = "WebAPI", "WebAPI\WebAPI.csproj", "{715E148C-ACE6-4D07-9F4D-C747B3849796}"
EndProject
Global
	GlobalSection(SolutionConfigurationPlatforms) = preSolution
		Debug|Any CPU = Debug|Any CPU
		Release|Any CPU = Release|Any CPU
	EndGlobalSection
	GlobalSection(ProjectConfigurationPlatforms) = postSolution
		{D0599110-8E5D-49AD-8979-E40B7B941061}.Debug|Any CPU.ActiveCfg = Debug|Any CPU
		{D0599110-8E5D-49AD-8979-E40B7B941061}.Debug|Any CPU.Build.0 = Debug|Any CPU
		{D0599110-8E5D-49AD-8979-E40B7B941061}.Release|Any CPU.ActiveCfg = Release|Any CPU
		{D0599110-8E5D-49AD-8979-E40B7B941061}.Release|Any CPU.Build.0 = Release|Any CPU
		{CEF2100E-1D7B-401B-9F8C-4FE6F5D1D3AD}.Debug|Any CPU.ActiveCfg = Debug|Any CPU
		{CEF2100E-1D7B-401B-9F8C-4FE6F5D1D3AD}.Debug|Any CPU.Build.0 = Debug|Any CPU
		{CEF2100E-1D7B-401B-9F8C-4FE6F5D1D3AD}.Release|Any CPU.ActiveCfg = Release|Any CPU
		{CEF2100E-1D7B-401B-9F8C-4FE6F5D1D3AD}.Release|Any CPU.Build.0 = Release|Any CPU
		{3D035320-D2CF-4AAF-91AB-AE1906A43E0F}.Debug|Any CPU.ActiveCfg = Debug|Any CPU
		{3D035320-D2CF-4AAF-91AB-AE1906A43E0F}.Debug|Any CPU.Build.0 = Debug|Any CPU
		{3D035320-D2CF-4AAF-91AB-AE1906A43E0F}.Release|Any CPU.ActiveCfg = Release|Any CPU
		{3D035320-D2CF-4AAF-91AB-AE1906A43E0F}.Release|Any CPU.Build.0 = Release|Any CPU
		{6561A52F-DFB9-4FFD-BEDA-9618F607F1C0}.Debug|Any CPU.ActiveCfg = Debug|Any CPU
		{6561A52F-DFB9-4FFD-BEDA-9618F607F1C0}.Debug|Any CPU.Build.0 = Debug|Any CPU
		{6561A52F-DFB9-4FFD-BEDA-9618F607F1C0}.Release|Any CPU.ActiveCfg = Release|Any CPU
		{6561A52F-DFB9-4FFD-BEDA-9618F607F1C0}.Release|Any CPU.Build.0 = Release|Any CPU
		{8840FC2B-2606-44D2-A43E-22AB227D5C78}.Debug|Any CPU.ActiveCfg = Debug|Any CPU
		{8840FC2B-2606-44D2-A43E-22AB227D5C78}.Debug|Any CPU.Build.0 = Debug|Any CPU
		{8840FC2B-2606-44D2-A43E-22AB227D5C78}.Release|Any CPU.ActiveCfg = Release|Any CPU
		{8840FC2B-2606-44D2-A43E-22AB227D5C78}.Release|Any CPU.Build.0 = Release|Any CPU
		{38EC5763-F968-44FB-82FA-45AB60E8605B}.Debug|Any CPU.ActiveCfg = Debug|Any CPU
		{38EC5763-F968-44FB-82FA-45AB60E8605B}.Debug|Any CPU.Build.0 = Debug|Any CPU
		{38EC5763-F968-44FB-82FA-45AB60E8605B}.Release|Any CPU.ActiveCfg = Release|Any CPU
		{38EC5763-F968-44FB-82FA-45AB60E8605B}.Release|Any CPU.Build.0 = Release|Any CPU
		{C3D5C324-365F-430F-B6EF-169A74D2C1F4}.Debug|Any CPU.ActiveCfg = Debug|Any CPU
		{C3D5C324-365F-430F-B6EF-169A74D2C1F4}.Debug|Any CPU.Build.0 = Debug|Any CPU
		{C3D5C324-365F-430F-B6EF-169A74D2C1F4}.Release|Any CPU.ActiveCfg = Release|Any CPU
		{C3D5C324-365F-430F-B6EF-169A74D2C1F4}.Release|Any CPU.Build.0 = Release|Any CPU
		{371CE438-35F3-4FD7-8A4E-167C439D82E8}.Debug|Any CPU.ActiveCfg = Debug|Any CPU
		{371CE438-35F3-4FD7-8A4E-167C439D82E8}.Debug|Any CPU.Build.0 = Debug|Any CPU
		{371CE438-35F3-4FD7-8A4E-167C439D82E8}.Release|Any CPU.ActiveCfg = Release|Any CPU
		{371CE438-35F3-4FD7-8A4E-167C439D82E8}.Release|Any CPU.Build.0 = Release|Any CPU
		{CED4CC77-B2D8-4803-8F6F-AF9D594871E8}.Debug|Any CPU.ActiveCfg = Debug|Any CPU
		{CED4CC77-B2D8-4803-8F6F-AF9D594871E8}.Debug|Any CPU.Build.0 = Debug|Any CPU
		{CED4CC77-B2D8-4803-8F6F-AF9D594871E8}.Release|Any CPU.ActiveCfg = Release|Any CPU
		{CED4CC77-B2D8-4803-8F6F-AF9D594871E8}.Release|Any CPU.Build.0 = Release|Any CPU
		{715E148C-ACE6-4D07-9F4D-C747B3849796}.Debug|Any CPU.ActiveCfg = Debug|Any CPU
		{715E148C-ACE6-4D07-9F4D-C747B3849796}.Debug|Any CPU.Build.0 = Debug|Any CPU
		{715E148C-ACE6-4D07-9F4D-C747B3849796}.Release|Any CPU.ActiveCfg = Release|Any CPU
		{715E148C-ACE6-4D07-9F4D-C747B3849796}.Release|Any CPU.Build.0 = Release|Any CPU
	EndGlobalSection
	GlobalSection(SolutionProperties) = preSolution
		HideSolutionNode = FALSE
	EndGlobalSection
	GlobalSection(NestedProjects) = preSolution
		{D0599110-8E5D-49AD-8979-E40B7B941061} = {B6AFD254-6498-4D1C-9493-FABE2CFFAA69}
		{CEF2100E-1D7B-401B-9F8C-4FE6F5D1D3AD} = {B6AFD254-6498-4D1C-9493-FABE2CFFAA69}
		{3D035320-D2CF-4AAF-91AB-AE1906A43E0F} = {B6AFD254-6498-4D1C-9493-FABE2CFFAA69}
		{6561A52F-DFB9-4FFD-BEDA-9618F607F1C0} = {B6AFD254-6498-4D1C-9493-FABE2CFFAA69}
		{8840FC2B-2606-44D2-A43E-22AB227D5C78} = {B6AFD254-6498-4D1C-9493-FABE2CFFAA69}
		{38EC5763-F968-44FB-82FA-45AB60E8605B} = {B6AFD254-6498-4D1C-9493-FABE2CFFAA69}
	EndGlobalSection
	GlobalSection(ExtensibilityGlobals) = postSolution
		SolutionGuid = {8C3BAF2A-24E8-4553-85DF-899501199599}
	EndGlobalSection
EndGlobal
